
Microsoft Visual Studio Solution File, Format Version 12.00
# Visual Studio Version 17
VisualStudioVersion = 17.7.34024.191
MinimumVisualStudioVersion = 10.0.40219.1
Project("{FAE04EC0-301F-11D3-BF4B-00C04F79EFBC}") = "Caso 1", "Caso 1.csproj", "{B78FA2F7-BDEE-41E4-BFBD-EFF0ADC6AD93}"
EndProject
Global
	GlobalSection(SolutionConfigurationPlatforms) = preSolution
		Debug|Any CPU = Debug|Any CPU
		Release|Any CPU = Release|Any CPU
	EndGlobalSection
	GlobalSection(ProjectConfigurationPlatforms) = postSolution
		{B78FA2F7-BDEE-41E4-BFBD-EFF0ADC6AD93}.Debug|Any CPU.ActiveCfg = Debug|Any CPU
		{B78FA2F7-BDEE-41E4-BFBD-EFF0ADC6AD93}.Debug|Any CPU.Build.0 = Debug|Any CPU
		{B78FA2F7-BDEE-41E4-BFBD-EFF0ADC6AD93}.Release|Any CPU.ActiveCfg = Release|Any CPU
		{B78FA2F7-BDEE-41E4-BFBD-EFF0ADC6AD93}.Release|Any CPU.Build.0 = Release|Any CPU
	EndGlobalSection
	GlobalSection(SolutionProperties) = preSolution
		HideSolutionNode = FALSE
	EndGlobalSection
	GlobalSection(ExtensibilityGlobals) = postSolution
		SolutionGuid = {DB37A318-EB89-4A36-929A-D7BC6BB59C3B}
	EndGlobalSection
EndGlobal
